
Microsoft Visual Studio Solution File, Format Version 10.00
# Visual Studio 2008
Project("{FAE04EC0-301F-11D3-BF4B-00C04F79EFBC}") = "AHSCT-V13", "AHSCT-V13.csproj", "{9D7C59C1-2010-437E-BAF3-BD4919B432BE}"
EndProject
Global
	GlobalSection(SolutionConfigurationPlatforms) = preSolution
		Debug|Any CPU = Debug|Any CPU
		Debug|x86 = Debug|x86
		Release|Any CPU = Release|Any CPU
		Release|x86 = Release|x86
	EndGlobalSection
	GlobalSection(ProjectConfigurationPlatforms) = postSolution
		{9D7C59C1-2010-437E-BAF3-BD4919B432BE}.Debug|Any CPU.ActiveCfg = Debug|Any CPU
		{9D7C59C1-2010-437E-BAF3-BD4919B432BE}.Debug|Any CPU.Build.0 = Debug|Any CPU
		{9D7C59C1-2010-437E-BAF3-BD4919B432BE}.Debug|x86.ActiveCfg = Debug|x86
		{9D7C59C1-2010-437E-BAF3-BD4919B432BE}.Debug|x86.Build.0 = Debug|x86
		{9D7C59C1-2010-437E-BAF3-BD4919B432BE}.Release|Any CPU.ActiveCfg = Release|Any CPU
		{9D7C59C1-2010-437E-BAF3-BD4919B432BE}.Release|Any CPU.Build.0 = Release|Any CPU
		{9D7C59C1-2010-437E-BAF3-BD4919B432BE}.Release|x86.ActiveCfg = Release|x86
		{9D7C59C1-2010-437E-BAF3-BD4919B432BE}.Release|x86.Build.0 = Release|x86
	EndGlobalSection
	GlobalSection(SolutionProperties) = preSolution
		HideSolutionNode = FALSE
	EndGlobalSection
EndGlobal
